// !$*UTF8*$!
{
	archiveVersion = 1;
	classes = {
	};
	objectVersion = 46;
	objects = {

/* Begin PBXBuildFile section */
		DAE10E901BC56D560016D39E /* AppDelegate.swift in Sources */ = {isa = PBXBuildFile; fileRef = DAE10E8F1BC56D560016D39E /* AppDelegate.swift */; };
		DAE10E921BC56D560016D39E /* ViewController.swift in Sources */ = {isa = PBXBuildFile; fileRef = DAE10E911BC56D560016D39E /* ViewController.swift */; };
		DAE10E951BC56D560016D39E /* Main.storyboard in Resources */ = {isa = PBXBuildFile; fileRef = DAE10E931BC56D560016D39E /* Main.storyboard */; };
		DAE10E971BC56D560016D39E /* Images.xcassets in Resources */ = {isa = PBXBuildFile; fileRef = DAE10E961BC56D560016D39E /* Images.xcassets */; };
		DAE10E9A1BC56D560016D39E /* LaunchScreen.xib in Resources */ = {isa = PBXBuildFile; fileRef = DAE10E981BC56D560016D39E /* LaunchScreen.xib */; };
		DAE10EA61BC56D560016D39E /* CocoaPods_SampleTests.swift in Sources */ = {isa = PBXBuildFile; fileRef = DAE10EA51BC56D560016D39E /* CocoaPods_SampleTests.swift */; };
/* End PBXBuildFile section */

/* Begin PBXContainerItemProxy section */
		DAE10EA01BC56D560016D39E /* PBXContainerItemProxy */ = {
			isa = PBXContainerItemProxy;
			containerPortal = DAE10E821BC56D560016D39E /* Project object */;
			proxyType = 1;
			remoteGlobalIDString = DAE10E891BC56D560016D39E;
			remoteInfo = CocoaPods_Sample;
		};
/* End PBXContainerItemProxy section */

/* Begin PBXFileReference section */
		DAE10E8A1BC56D560016D39E /* CocoaPods_Sample.app */ = {isa = PBXFileReference; explicitFileType = wrapper.application; includeInIndex = 0; path = CocoaPods_Sample.app; sourceTree = BUILT_PRODUCTS_DIR; };
		DAE10E8E1BC56D560016D39E /* Info.plist */ = {isa = PBXFileReference; lastKnownFileType = text.plist.xml; path = Info.plist; sourceTree = "<group>"; };
		DAE10E8F1BC56D560016D39E /* AppDelegate.swift */ = {isa = PBXFileReference; lastKnownFileType = sourcecode.swift; path = AppDelegate.swift; sourceTree = "<group>"; };
		DAE10E911BC56D560016D39E /* ViewController.swift */ = {isa = PBXFileReference; lastKnownFileType = sourcecode.swift; path = ViewController.swift; sourceTree = "<group>"; };
		DAE10E941BC56D560016D39E /* Base */ = {isa = PBXFileReference; lastKnownFileType = file.storyboard; name = Base; path = Base.lproj/Main.storyboard; sourceTree = "<group>"; };
		DAE10E961BC56D560016D39E /* Images.xcassets */ = {isa = PBXFileReference; lastKnownFileType = folder.assetcatalog; path = Images.xcassets; sourceTree = "<group>"; };
		DAE10E991BC56D560016D39E /* Base */ = {isa = PBXFileReference; lastKnownFileType = file.xib; name = Base; path = Base.lproj/LaunchScreen.xib; sourceTree = "<group>"; };
		DAE10E9F1BC56D560016D39E /* CocoaPods_SampleTests.xctest */ = {isa = PBXFileReference; explicitFileType = wrapper.cfbundle; includeInIndex = 0; path = CocoaPods_SampleTests.xctest; sourceTree = BUILT_PRODUCTS_DIR; };
		DAE10EA41BC56D560016D39E /* Info.plist */ = {isa = PBXFileReference; lastKnownFileType = text.plist.xml; path = Info.plist; sourceTree = "<group>"; };
		DAE10EA51BC56D560016D39E /* CocoaPods_SampleTests.swift */ = {isa = PBXFileReference; lastKnownFileType = sourcecode.swift; path = CocoaPods_SampleTests.swift; sourceTree = "<group>"; };
/* End PBXFileReference section */

/* Begin PBXFrameworksBuildPhase section */
		DAE10E871BC56D560016D39E /* Frameworks */ = {
			isa = PBXFrameworksBuildPhase;
			buildActionMask = 2147483647;
			files = (
			);
			runOnlyForDeploymentPostprocessing = 0;
		};
		DAE10E9C1BC56D560016D39E /* Frameworks */ = {
			isa = PBXFrameworksBuildPhase;
			buildActionMask = 2147483647;
			files = (
			);
			runOnlyForDeploymentPostprocessing = 0;
		};
/* End PBXFrameworksBuildPhase section */

/* Begin PBXGroup section */
		DAE10E811BC56D560016D39E = {
			isa = PBXGroup;
			children = (
				DAE10E8C1BC56D560016D39E /* CocoaPods_Sample */,
				DAE10EA21BC56D560016D39E /* CocoaPods_SampleTests */,
				DAE10E8B1BC56D560016D39E /* Products */,
			);
			sourceTree = "<group>";
		};
		DAE10E8B1BC56D560016D39E /* Products */ = {
			isa = PBXGroup;
			children = (
				DAE10E8A1BC56D560016D39E /* CocoaPods_Sample.app */,
				DAE10E9F1BC56D560016D39E /* CocoaPods_SampleTests.xctest */,
			);
			name = Products;
			sourceTree = "<group>";
		};
		DAE10E8C1BC56D560016D39E /* CocoaPods_Sample */ = {
			isa = PBXGroup;
			children = (
				DAE10E8F1BC56D560016D39E /* AppDelegate.swift */,
				DAE10E911BC56D560016D39E /* ViewController.swift */,
				DAE10E931BC56D560016D39E /* Main.storyboard */,
				DAE10E961BC56D560016D39E /* Images.xcassets */,
				DAE10E981BC56D560016D39E /* LaunchScreen.xib */,
				DAE10E8D1BC56D560016D39E /* Supporting Files */,
			);
			path = CocoaPods_Sample;
			sourceTree = "<group>";
		};
		DAE10E8D1BC56D560016D39E /* Supporting Files */ = {
			isa = PBXGroup;
			children = (
				DAE10E8E1BC56D560016D39E /* Info.plist */,
			);
			name = "Supporting Files";
			sourceTree = "<group>";
		};
		DAE10EA21BC56D560016D39E /* CocoaPods_SampleTests */ = {
			isa = PBXGroup;
			children = (
				DAE10EA51BC56D560016D39E /* CocoaPods_SampleTests.swift */,
				DAE10EA31BC56D560016D39E /* Supporting Files */,
			);
			path = CocoaPods_SampleTests;
			sourceTree = "<group>";
		};
		DAE10EA31BC56D560016D39E /* Supporting Files */ = {
			isa = PBXGroup;
			children = (
				DAE10EA41BC56D560016D39E /* Info.plist */,
			);
			name = "Supporting Files";
			sourceTree = "<group>";
		};
/* End PBXGroup section */

/* Begin PBXNativeTarget section */
		DAE10E891BC56D560016D39E /* CocoaPods_Sample */ = {
			isa = PBXNativeTarget;
			buildConfigurationList = DAE10EA91BC56D560016D39E /* Build configuration list for PBXNativeTarget "CocoaPods_Sample" */;
			buildPhases = (
				DAE10E861BC56D560016D39E /* Sources */,
				DAE10E871BC56D560016D39E /* Frameworks */,
				DAE10E881BC56D560016D39E /* Resources */,
			);
			buildRules = (
			);
			dependencies = (
			);
			name = CocoaPods_Sample;
			productName = CocoaPods_Sample;
			productReference = DAE10E8A1BC56D560016D39E /* CocoaPods_Sample.app */;
			productType = "com.apple.product-type.application";
		};
		DAE10E9E1BC56D560016D39E /* CocoaPods_SampleTests */ = {
			isa = PBXNativeTarget;
			buildConfigurationList = DAE10EAC1BC56D560016D39E /* Build configuration list for PBXNativeTarget "CocoaPods_SampleTests" */;
			buildPhases = (
				DAE10E9B1BC56D560016D39E /* Sources */,
				DAE10E9C1BC56D560016D39E /* Frameworks */,
				DAE10E9D1BC56D560016D39E /* Resources */,
			);
			buildRules = (
			);
			dependencies = (
				DAE10EA11BC56D560016D39E /* PBXTargetDependency */,
			);
			name = CocoaPods_SampleTests;
			productName = CocoaPods_SampleTests;
			productReference = DAE10E9F1BC56D560016D39E /* CocoaPods_SampleTests.xctest */;
			productType = "com.apple.product-type.bundle.unit-test";
		};
/* End PBXNativeTarget section */

/* Begin PBXProject section */
		DAE10E821BC56D560016D39E /* Project object */ = {
			isa = PBXProject;
			attributes = {
				LastUpgradeCheck = 0630;
				ORGANIZATIONNAME = yuri;
				TargetAttributes = {
					DAE10E891BC56D560016D39E = {
						CreatedOnToolsVersion = 6.3.1;
					};
					DAE10E9E1BC56D560016D39E = {
						CreatedOnToolsVersion = 6.3.1;
						TestTargetID = DAE10E891BC56D560016D39E;
					};
				};
			};
			buildConfigurationList = DAE10E851BC56D560016D39E /* Build configuration list for PBXProject "CocoaPods_Sample" */;
			compatibilityVersion = "Xcode 3.2";
			developmentRegion = English;
			hasScannedForEncodings = 0;
			knownRegions = (
				en,
				Base,
			);
			mainGroup = DAE10E811BC56D560016D39E;
			productRefGroup = DAE10E8B1BC56D560016D39E /* Products */;
			projectDirPath = "";
			projectRoot = "";
			targets = (
				DAE10E891BC56D560016D39E /* CocoaPods_Sample */,
				DAE10E9E1BC56D560016D39E /* CocoaPods_SampleTests */,
			);
		};
/* End PBXProject section */

/* Begin PBXResourcesBuildPhase section */
		DAE10E881BC56D560016D39E /* Resources */ = {
			isa = PBXResourcesBuildPhase;
			buildActionMask = 2147483647;
			files = (
				DAE10E951BC56D560016D39E /* Main.storyboard in Resources */,
				DAE10E9A1BC56D560016D39E /* LaunchScreen.xib in Resources */,
				DAE10E971BC56D560016D39E /* Images.xcassets in Resources */,
			);
			runOnlyForDeploymentPostprocessing = 0;
		};
		DAE10E9D1BC56D560016D39E /* Resources */ = {
			isa = PBXResourcesBuildPhase;
			buildActionMask = 2147483647;
			files = (
			);
			runOnlyForDeploymentPostprocessing = 0;
		};
/* End PBXResourcesBuildPhase section */

/* Begin PBXSourcesBuildPhase section */
		DAE10E861BC56D560016D39E /* Sources */ = {
			isa = PBXSourcesBuildPhase;
			buildActionMask = 2147483647;
			files = (
				DAE10E921BC56D560016D39E /* ViewController.swift in Sources */,
				DAE10E901BC56D560016D39E /* AppDelegate.swift in Sources */,
			);
			runOnlyForDeploymentPostprocessing = 0;
		};
		DAE10E9B1BC56D560016D39E /* Sources */ = {
			isa = PBXSourcesBuildPhase;
			buildActionMask = 2147483647;
			files = (
				DAE10EA61BC56D560016D39E /* CocoaPods_SampleTests.swift in Sources */,
			);
			runOnlyForDeploymentPostprocessing = 0;
		};
/* End PBXSourcesBuildPhase section */

/* Begin PBXTargetDependency section */
		DAE10EA11BC56D560016D39E /* PBXTargetDependency */ = {
			isa = PBXTargetDependency;
			target = DAE10E891BC56D560016D39E /* CocoaPods_Sample */;
			targetProxy = DAE10EA01BC56D560016D39E /* PBXContainerItemProxy */;
		};
/* End PBXTargetDependency section */

/* Begin PBXVariantGroup section */
		DAE10E931BC56D560016D39E /* Main.storyboard */ = {
			isa = PBXVariantGroup;
			children = (
				DAE10E941BC56D560016D39E /* Base */,
			);
			name = Main.storyboard;
			sourceTree = "<group>";
		};
		DAE10E981BC56D560016D39E /* LaunchScreen.xib */ = {
			isa = PBXVariantGroup;
			children = (
				DAE10E991BC56D560016D39E /* Base */,
			);
			name = LaunchScreen.xib;
			sourceTree = "<group>";
		};
/* End PBXVariantGroup section */

/* Begin XCBuildConfiguration section */
		DAE10EA71BC56D560016D39E /* Debug */ = {
			isa = XCBuildConfiguration;
			buildSettings = {
				ALWAYS_SEARCH_USER_PATHS = NO;
				CLANG_CXX_LANGUAGE_STANDARD = "gnu++0x";
				CLANG_CXX_LIBRARY = "libc++";
				CLANG_ENABLE_MODULES = YES;
				CLANG_ENABLE_OBJC_ARC = YES;
				CLANG_WARN_BOOL_CONVERSION = YES;
				CLANG_WARN_CONSTANT_CONVERSION = YES;
				CLANG_WARN_DIRECT_OBJC_ISA_USAGE = YES_ERROR;
				CLANG_WARN_EMPTY_BODY = YES;
				CLANG_WARN_ENUM_CONVERSION = YES;
				CLANG_WARN_INT_CONVERSION = YES;
				CLANG_WARN_OBJC_ROOT_CLASS = YES_ERROR;
				CLANG_WARN_UNREACHABLE_CODE = YES;
				CLANG_WARN__DUPLICATE_METHOD_MATCH = YES;
				"CODE_SIGN_IDENTITY[sdk=iphoneos*]" = "iPhone Developer";
				COPY_PHASE_STRIP = NO;
				DEBUG_INFORMATION_FORMAT = "dwarf-with-dsym";
				ENABLE_STRICT_OBJC_MSGSEND = YES;
				GCC_C_LANGUAGE_STANDARD = gnu99;
				GCC_DYNAMIC_NO_PIC = NO;
				GCC_NO_COMMON_BLOCKS = YES;
				GCC_OPTIMIZATION_LEVEL = 0;
				GCC_PREPROCESSOR_DEFINITIONS = (
					"DEBUG=1",
					"$(inherited)",
				);
				GCC_SYMBOLS_PRIVATE_EXTERN = NO;
				GCC_WARN_64_TO_32_BIT_CONVERSION = YES;
				GCC_WARN_ABOUT_RETURN_TYPE = YES_ERROR;
				GCC_WARN_UNDECLARED_SELECTOR = YES;
				GCC_WARN_UNINITIALIZED_AUTOS = YES_AGGRESSIVE;
				GCC_WARN_UNUSED_FUNCTION = YES;
				GCC_WARN_UNUSED_VARIABLE = YES;
				IPHONEOS_DEPLOYMENT_TARGET = 8.3;
				MTL_ENABLE_DEBUG_INFO = YES;
				ONLY_ACTIVE_ARCH = YES;
				SDKROOT = iphoneos;
				SWIFT_OPTIMIZATION_LEVEL = "-Onone";
			};
			name = Debug;
		};
		DAE10EA81BC56D560016D39E /* Release */ = {
			isa = XCBuildConfiguration;
			buildSettings = {
				ALWAYS_SEARCH_USER_PATHS = NO;
				CLANG_CXX_LANGUAGE_STANDARD = "gnu++0x";
				CLANG_CXX_LIBRARY = "libc++";
				CLANG_ENABLE_MODULES = YES;
				CLANG_ENABLE_OBJC_ARC = YES;
				CLANG_WARN_BOOL_CONVERSION = YES;
				CLANG_WARN_CONSTANT_CONVERSION = YES;
				CLANG_WARN_DIRECT_OBJC_ISA_USAGE = YES_ERROR;
				CLANG_WARN_EMPTY_BODY = YES;
				CLANG_WARN_ENUM_CONVERSION = YES;
				CLANG_WARN_INT_CONVERSION = YES;
				CLANG_WARN_OBJC_ROOT_CLASS = YES_ERROR;
				CLANG_WARN_UNREACHABLE_CODE = YES;
				CLANG_WARN__DUPLICATE_METHOD_MATCH = YES;
				"CODE_SIGN_IDENTITY[sdk=iphoneos*]" = "iPhone Developer";
				COPY_PHASE_STRIP = NO;
				DEBUG_INFORMATION_FORMAT = "dwarf-with-dsym";
				ENABLE_NS_ASSERTIONS = NO;
				ENABLE_STRICT_OBJC_MSGSEND = YES;
				GCC_C_LANGUAGE_STANDARD = gnu99;
				GCC_NO_COMMON_BLOCKS = YES;
				GCC_WARN_64_TO_32_BIT_CONVERSION = YES;
				GCC_WARN_ABOUT_RETURN_TYPE = YES_ERROR;
				GCC_WARN_UNDECLARED_SELECTOR = YES;
				GCC_WARN_UNINITIALIZED_AUTOS = YES_AGGRESSIVE;
				GCC_WARN_UNUSED_FUNCTION = YES;
				GCC_WARN_UNUSED_VARIABLE = YES;
				IPHONEOS_DEPLOYMENT_TARGET = 8.3;
				MTL_ENABLE_DEBUG_INFO = NO;
				SDKROOT = iphoneos;
				VALIDATE_PRODUCT = YES;
			};
			name = Release;
		};
		DAE10EAA1BC56D560016D39E /* Debug */ = {
			isa = XCBuildConfiguration;
			buildSettings = {
				ASSETCATALOG_COMPILER_APPICON_NAME = AppIcon;
				INFOPLIST_FILE = CocoaPods_Sample/Info.plist;
				LD_RUNPATH_SEARCH_PATHS = "$(inherited) @executable_path/Frameworks";
				PRODUCT_NAME = "$(TARGET_NAME)";
			};
			name = Debug;
		};
		DAE10EAB1BC56D560016D39E /* Release */ = {
			isa = XCBuildConfiguration;
			buildSettings = {
				ASSETCATALOG_COMPILER_APPICON_NAME = AppIcon;
				INFOPLIST_FILE = CocoaPods_Sample/Info.plist;
				LD_RUNPATH_SEARCH_PATHS = "$(inherited) @executable_path/Frameworks";
				PRODUCT_NAME = "$(TARGET_NAME)";
			};
			name = Release;
		};
		DAE10EAD1BC56D560016D39E /* Debug */ = {
			isa = XCBuildConfiguration;
			buildSettings = {
				BUNDLE_LOADER = "$(TEST_HOST)";
				FRAMEWORK_SEARCH_PATHS = (
					"$(SDKROOT)/Developer/Library/Frameworks",
					"$(inherited)",
				);
				GCC_PREPROCESSOR_DEFINITIONS = (
					"DEBUG=1",
					"$(inherited)",
				);
				INFOPLIST_FILE = CocoaPods_SampleTests/Info.plist;
				LD_RUNPATH_SEARCH_PATHS = "$(inherited) @executable_path/Frameworks @loader_path/Frameworks";
				PRODUCT_NAME = "$(TARGET_NAME)";
				TEST_HOST = "$(BUILT_PRODUCTS_DIR)/CocoaPods_Sample.app/CocoaPods_Sample";
			};
			name = Debug;
		};
		DAE10EAE1BC56D560016D39E /* Release */ = {
			isa = XCBuildConfiguration;
			buildSettings = {
				BUNDLE_LOADER = "$(TEST_HOST)";
				FRAMEWORK_SEARCH_PATHS = (
					"$(SDKROOT)/Developer/Library/Frameworks",
					"$(inherited)",
				);
				INFOPLIST_FILE = CocoaPods_SampleTests/Info.plist;
				LD_RUNPATH_SEARCH_PATHS = "$(inherited) @executable_path/Frameworks @loader_path/Frameworks";
				PRODUCT_NAME = "$(TARGET_NAME)";
				TEST_HOST = "$(BUILT_PRODUCTS_DIR)/CocoaPods_Sample.app/CocoaPods_Sample";
			};
			name = Release;
		};
/* End XCBuildConfiguration section */

/* Begin XCConfigurationList section */
		DAE10E851BC56D560016D39E /* Build configuration list for PBXProject "CocoaPods_Sample" */ = {
			isa = XCConfigurationList;
			buildConfigurations = (
				DAE10EA71BC56D560016D39E /* Debug */,
				DAE10EA81BC56D560016D39E /* Release */,
			);
			defaultConfigurationIsVisible = 0;
			defaultConfigurationName = Release;
		};
		DAE10EA91BC56D560016D39E /* Build configuration list for PBXNativeTarget "CocoaPods_Sample" */ = {
			isa = XCConfigurationList;
			buildConfigurations = (
				DAE10EAA1BC56D560016D39E /* Debug */,
				DAE10EAB1BC56D560016D39E /* Release */,
			);
			defaultConfigurationIsVisible = 0;
		};
		DAE10EAC1BC56D560016D39E /* Build configuration list for PBXNativeTarget "CocoaPods_SampleTests" */ = {
			isa = XCConfigurationList;
			buildConfigurations = (
				DAE10EAD1BC56D560016D39E /* Debug */,
				DAE10EAE1BC56D560016D39E /* Release */,
			);
			defaultConfigurationIsVisible = 0;
		};
/* End XCConfigurationList section */
	};
	rootObject = DAE10E821BC56D560016D39E /* Project object */;
}
